
Microsoft Visual Studio Solution File, Format Version 12.00
# Visual Studio Version 17
VisualStudioVersion = 17.3.32811.315
MinimumVisualStudioVersion = 10.0.40219.1
Project("{9A19103F-16F7-4668-BE54-9A1E7A4F7556}") = "CarParts", "CarParts\CarParts.csproj", "{4B0E0962-7CB8-4DD0-BDED-38937018E650}"
EndProject
Project("{2150E333-8FDC-42A3-9474-1A3956D46DE8}") = "BoundedContext", "BoundedContext", "{6B8F2583-8186-4C03-A8C6-61F6A1E4175C}"
EndProject
Project("{9A19103F-16F7-4668-BE54-9A1E7A4F7556}") = "CarParts.SqlServer", "CarParts.SqlServer\CarParts.SqlServer.csproj", "{761F42F2-3A52-448B-A9F4-924DF4B00E2D}"
EndProject
Project("{9A19103F-16F7-4668-BE54-9A1E7A4F7556}") = "CarParts.Seeder", "CarParts.Seeder\CarParts.Seeder.csproj", "{7088D775-9423-406A-BD1F-BF8AA3DB6BC7}"
EndProject
Project("{2150E333-8FDC-42A3-9474-1A3956D46DE8}") = "Infrastructure", "Infrastructure", "{359441AA-98D9-4174-BF92-876F94D72285}"
EndProject
Project("{9A19103F-16F7-4668-BE54-9A1E7A4F7556}") = "CarParts.Models", "CarParts.Models\CarParts.Models.csproj", "{A8F21D56-6C3F-4DFE-BA89-8B7B4DCA8EED}"
EndProject
Project("{2150E333-8FDC-42A3-9474-1A3956D46DE8}") = "App", "App", "{11CC96F0-0619-4927-9959-B711D06E10E3}"
EndProject
Project("{9A19103F-16F7-4668-BE54-9A1E7A4F7556}") = "CarParts.Dto", "CarParts.Dto\CarParts.Dto.csproj", "{0A44AA41-2A58-4EA1-8A20-903B43624EC2}"
EndProject
Project("{9A19103F-16F7-4668-BE54-9A1E7A4F7556}") = "CarParts.Repositories", "CarParts.Repositories\CarParts.Repositories.csproj", "{EA339060-24CC-4C7F-AB19-8419645910F5}"
EndProject
Project("{2150E333-8FDC-42A3-9474-1A3956D46DE8}") = "SharedKernal", "SharedKernal", "{A64F6EBA-161A-4B7E-9260-C5861709DDD8}"
EndProject
Project("{FAE04EC0-301F-11D3-BF4B-00C04F79EFBC}") = "CarParts.SharedKernal", "CarParts.SharedKernal\CarParts.SharedKernal.csproj", "{C45F502D-089E-4551-9446-E31E122A325B}"
EndProject
Project("{FAE04EC0-301F-11D3-BF4B-00C04F79EFBC}") = "CarParts.Base", "CarParts.Base\CarParts.Base.csproj", "{ACA69AB7-291B-4CBF-9EF1-D31319D9B5BB}"
EndProject
Global
	GlobalSection(SolutionConfigurationPlatforms) = preSolution
		Debug|Any CPU = Debug|Any CPU
		Release|Any CPU = Release|Any CPU
	EndGlobalSection
	GlobalSection(ProjectConfigurationPlatforms) = postSolution
		{4B0E0962-7CB8-4DD0-BDED-38937018E650}.Debug|Any CPU.ActiveCfg = Release|Any CPU
		{4B0E0962-7CB8-4DD0-BDED-38937018E650}.Debug|Any CPU.Build.0 = Release|Any CPU
		{4B0E0962-7CB8-4DD0-BDED-38937018E650}.Release|Any CPU.ActiveCfg = Debug|Any CPU
		{4B0E0962-7CB8-4DD0-BDED-38937018E650}.Release|Any CPU.Build.0 = Debug|Any CPU
		{761F42F2-3A52-448B-A9F4-924DF4B00E2D}.Debug|Any CPU.ActiveCfg = Debug|Any CPU
		{761F42F2-3A52-448B-A9F4-924DF4B00E2D}.Debug|Any CPU.Build.0 = Debug|Any CPU
		{761F42F2-3A52-448B-A9F4-924DF4B00E2D}.Release|Any CPU.ActiveCfg = Release|Any CPU
		{761F42F2-3A52-448B-A9F4-924DF4B00E2D}.Release|Any CPU.Build.0 = Release|Any CPU
		{7088D775-9423-406A-BD1F-BF8AA3DB6BC7}.Debug|Any CPU.ActiveCfg = Debug|Any CPU
		{7088D775-9423-406A-BD1F-BF8AA3DB6BC7}.Debug|Any CPU.Build.0 = Debug|Any CPU
		{7088D775-9423-406A-BD1F-BF8AA3DB6BC7}.Release|Any CPU.ActiveCfg = Release|Any CPU
		{7088D775-9423-406A-BD1F-BF8AA3DB6BC7}.Release|Any CPU.Build.0 = Release|Any CPU
		{A8F21D56-6C3F-4DFE-BA89-8B7B4DCA8EED}.Debug|Any CPU.ActiveCfg = Debug|Any CPU
		{A8F21D56-6C3F-4DFE-BA89-8B7B4DCA8EED}.Debug|Any CPU.Build.0 = Debug|Any CPU
		{A8F21D56-6C3F-4DFE-BA89-8B7B4DCA8EED}.Release|Any CPU.ActiveCfg = Release|Any CPU
		{A8F21D56-6C3F-4DFE-BA89-8B7B4DCA8EED}.Release|Any CPU.Build.0 = Release|Any CPU
		{0A44AA41-2A58-4EA1-8A20-903B43624EC2}.Debug|Any CPU.ActiveCfg = Debug|Any CPU
		{0A44AA41-2A58-4EA1-8A20-903B43624EC2}.Debug|Any CPU.Build.0 = Debug|Any CPU
		{0A44AA41-2A58-4EA1-8A20-903B43624EC2}.Release|Any CPU.ActiveCfg = Release|Any CPU
		{0A44AA41-2A58-4EA1-8A20-903B43624EC2}.Release|Any CPU.Build.0 = Release|Any CPU
		{EA339060-24CC-4C7F-AB19-8419645910F5}.Debug|Any CPU.ActiveCfg = Debug|Any CPU
		{EA339060-24CC-4C7F-AB19-8419645910F5}.Debug|Any CPU.Build.0 = Debug|Any CPU
		{EA339060-24CC-4C7F-AB19-8419645910F5}.Release|Any CPU.ActiveCfg = Release|Any CPU
		{EA339060-24CC-4C7F-AB19-8419645910F5}.Release|Any CPU.Build.0 = Release|Any CPU
		{C45F502D-089E-4551-9446-E31E122A325B}.Debug|Any CPU.ActiveCfg = Debug|Any CPU
		{C45F502D-089E-4551-9446-E31E122A325B}.Debug|Any CPU.Build.0 = Debug|Any CPU
		{C45F502D-089E-4551-9446-E31E122A325B}.Release|Any CPU.ActiveCfg = Release|Any CPU
		{C45F502D-089E-4551-9446-E31E122A325B}.Release|Any CPU.Build.0 = Release|Any CPU
		{ACA69AB7-291B-4CBF-9EF1-D31319D9B5BB}.Debug|Any CPU.ActiveCfg = Debug|Any CPU
		{ACA69AB7-291B-4CBF-9EF1-D31319D9B5BB}.Debug|Any CPU.Build.0 = Debug|Any CPU
		{ACA69AB7-291B-4CBF-9EF1-D31319D9B5BB}.Release|Any CPU.ActiveCfg = Release|Any CPU
		{ACA69AB7-291B-4CBF-9EF1-D31319D9B5BB}.Release|Any CPU.Build.0 = Release|Any CPU
	EndGlobalSection
	GlobalSection(SolutionProperties) = preSolution
		HideSolutionNode = FALSE
	EndGlobalSection
	GlobalSection(NestedProjects) = preSolution
		{4B0E0962-7CB8-4DD0-BDED-38937018E650} = {11CC96F0-0619-4927-9959-B711D06E10E3}
		{761F42F2-3A52-448B-A9F4-924DF4B00E2D} = {359441AA-98D9-4174-BF92-876F94D72285}
		{7088D775-9423-406A-BD1F-BF8AA3DB6BC7} = {359441AA-98D9-4174-BF92-876F94D72285}
		{A8F21D56-6C3F-4DFE-BA89-8B7B4DCA8EED} = {359441AA-98D9-4174-BF92-876F94D72285}
		{0A44AA41-2A58-4EA1-8A20-903B43624EC2} = {6B8F2583-8186-4C03-A8C6-61F6A1E4175C}
		{EA339060-24CC-4C7F-AB19-8419645910F5} = {6B8F2583-8186-4C03-A8C6-61F6A1E4175C}
		{C45F502D-089E-4551-9446-E31E122A325B} = {A64F6EBA-161A-4B7E-9260-C5861709DDD8}
		{ACA69AB7-291B-4CBF-9EF1-D31319D9B5BB} = {6B8F2583-8186-4C03-A8C6-61F6A1E4175C}
	EndGlobalSection
	GlobalSection(ExtensibilityGlobals) = postSolution
		SolutionGuid = {1D9448B6-023E-43F3-B108-2FB9A1A31F52}
	EndGlobalSection
EndGlobal
